[dependencies]
  [dependencies.k8s]
    name = "k8s"
    full_name = "k8s_1.31.2"
    version = "1.31.2"
    sum = "xBZgPsnpVVyWBpahuPQHReeRx28eUHGFoaPeqbct+vs="
    reg = "ghcr.io"
    repo = "kcl-lang/k8s"
    oci_tag = "1.31.2"
  [dependencies.kcl-prototype]
    name = "kcl-prototype"
    full_name = "kcl-prototype_0.0.1"
    version = "0.0.1"
  [dependencies.konfig]
    name = "konfig"
    full_name = "konfig_0.11.0"
    version = "0.11.0"
    sum = "TtiHbdwHSdJwOmqcJaJFFRbdxWnGXnPalirImHCdzEU="
    reg = "ghcr.io"
    repo = "kcl-lang/konfig"
    oci_tag = "0.11.0"
  [dependencies.secrets-store-csi-driver]
    name = "secrets-store-csi-driver"
    full_name = "secrets-store-csi-driver_0.2.1"
    version = "0.2.1"
    sum = "Xh1XpDSyffytt34s3URa6VJ1VKjE96klRhp13yH7ahs="
    reg = "ghcr.io"
    repo = "kcl-lang/secrets-store-csi-driver"
    oci_tag = "0.2.1"
